
Microsoft Visual Studio Solution File, Format Version 12.00
# Visual Studio Version 16
VisualStudioVersion = 16.0.28711.60
MinimumVisualStudioVersion = 10.0.40219.1
Project("{FAE04EC0-301F-11D3-BF4B-00C04F79EFBC}") = "Moriah.Framework", "Moriah.Framework\Moriah.Framework.csproj", "{8C915CFF-73F9-4E2B-BB5C-D205CB301AF5}"
EndProject
Project("{FAE04EC0-301F-11D3-BF4B-00C04F79EFBC}") = "Moriah.Framework.Nuget", "Moriah.Framework.Nuget\Moriah.Framework.Nuget.csproj", "{7BF0919B-926B-4048-869E-50A87DC88166}"
EndProject
Global
	GlobalSection(SolutionConfigurationPlatforms) = preSolution
		Debug|Any CPU = Debug|Any CPU
		Release|Any CPU = Release|Any CPU
	EndGlobalSection
	GlobalSection(ProjectConfigurationPlatforms) = postSolution
		{8C915CFF-73F9-4E2B-BB5C-D205CB301AF5}.Debug|Any CPU.ActiveCfg = Debug|Any CPU
		{8C915CFF-73F9-4E2B-BB5C-D205CB301AF5}.Debug|Any CPU.Build.0 = Debug|Any CPU
		{8C915CFF-73F9-4E2B-BB5C-D205CB301AF5}.Release|Any CPU.ActiveCfg = Release|Any CPU
		{8C915CFF-73F9-4E2B-BB5C-D205CB301AF5}.Release|Any CPU.Build.0 = Release|Any CPU
		{7BF0919B-926B-4048-869E-50A87DC88166}.Debug|Any CPU.ActiveCfg = Debug|Any CPU
		{7BF0919B-926B-4048-869E-50A87DC88166}.Debug|Any CPU.Build.0 = Debug|Any CPU
		{7BF0919B-926B-4048-869E-50A87DC88166}.Release|Any CPU.ActiveCfg = Release|Any CPU
		{7BF0919B-926B-4048-869E-50A87DC88166}.Release|Any CPU.Build.0 = Release|Any CPU
	EndGlobalSection
	GlobalSection(SolutionProperties) = preSolution
		HideSolutionNode = FALSE
	EndGlobalSection
	GlobalSection(ExtensibilityGlobals) = postSolution
		SolutionGuid = {C01FA7E2-C3D8-409A-A073-2F9CF39BAE7C}
	EndGlobalSection
EndGlobal
